
Microsoft Visual Studio Solution File, Format Version 12.00
# Visual Studio 15
VisualStudioVersion = 15.0.26430.16
MinimumVisualStudioVersion = 10.0.40219.1
Project("{FAE04EC0-301F-11D3-BF4B-00C04F79EFBC}") = "TCC", "TCC\TCC.csproj", "{285D04BB-C677-4D0B-AE4A-DFF3BC848E48}"
EndProject
Project("{FAE04EC0-301F-11D3-BF4B-00C04F79EFBC}") = "ODBDriver", "TCC.ODBDriver\ODBDriver.csproj", "{C0D18F05-D1C9-463A-90BB-4955B8C00055}"
EndProject
Global
	GlobalSection(SolutionConfigurationPlatforms) = preSolution
		Debug|Any CPU = Debug|Any CPU
		Debug|ARM = Debug|ARM
		Debug|x64 = Debug|x64
		Debug|x86 = Debug|x86
		Release|Any CPU = Release|Any CPU
		Release|ARM = Release|ARM
		Release|x64 = Release|x64
		Release|x86 = Release|x86
	EndGlobalSection
	GlobalSection(ProjectConfigurationPlatforms) = postSolution
		{285D04BB-C677-4D0B-AE4A-DFF3BC848E48}.Debug|Any CPU.ActiveCfg = Debug|x86
		{285D04BB-C677-4D0B-AE4A-DFF3BC848E48}.Debug|ARM.ActiveCfg = Debug|ARM
		{285D04BB-C677-4D0B-AE4A-DFF3BC848E48}.Debug|ARM.Build.0 = Debug|ARM
		{285D04BB-C677-4D0B-AE4A-DFF3BC848E48}.Debug|ARM.Deploy.0 = Debug|ARM
		{285D04BB-C677-4D0B-AE4A-DFF3BC848E48}.Debug|x64.ActiveCfg = Debug|x64
		{285D04BB-C677-4D0B-AE4A-DFF3BC848E48}.Debug|x64.Build.0 = Debug|x64
		{285D04BB-C677-4D0B-AE4A-DFF3BC848E48}.Debug|x64.Deploy.0 = Debug|x64
		{285D04BB-C677-4D0B-AE4A-DFF3BC848E48}.Debug|x86.ActiveCfg = Debug|x86
		{285D04BB-C677-4D0B-AE4A-DFF3BC848E48}.Debug|x86.Build.0 = Debug|x86
		{285D04BB-C677-4D0B-AE4A-DFF3BC848E48}.Debug|x86.Deploy.0 = Debug|x86
		{285D04BB-C677-4D0B-AE4A-DFF3BC848E48}.Release|Any CPU.ActiveCfg = Release|x86
		{285D04BB-C677-4D0B-AE4A-DFF3BC848E48}.Release|ARM.ActiveCfg = Release|ARM
		{285D04BB-C677-4D0B-AE4A-DFF3BC848E48}.Release|ARM.Build.0 = Release|ARM
		{285D04BB-C677-4D0B-AE4A-DFF3BC848E48}.Release|ARM.Deploy.0 = Release|ARM
		{285D04BB-C677-4D0B-AE4A-DFF3BC848E48}.Release|x64.ActiveCfg = Release|x64
		{285D04BB-C677-4D0B-AE4A-DFF3BC848E48}.Release|x64.Build.0 = Release|x64
		{285D04BB-C677-4D0B-AE4A-DFF3BC848E48}.Release|x64.Deploy.0 = Release|x64
		{285D04BB-C677-4D0B-AE4A-DFF3BC848E48}.Release|x86.ActiveCfg = Release|x86
		{285D04BB-C677-4D0B-AE4A-DFF3BC848E48}.Release|x86.Build.0 = Release|x86
		{285D04BB-C677-4D0B-AE4A-DFF3BC848E48}.Release|x86.Deploy.0 = Release|x86
		{C0D18F05-D1C9-463A-90BB-4955B8C00055}.Debug|Any CPU.ActiveCfg = Debug|Any CPU
		{C0D18F05-D1C9-463A-90BB-4955B8C00055}.Debug|Any CPU.Build.0 = Debug|Any CPU
		{C0D18F05-D1C9-463A-90BB-4955B8C00055}.Debug|ARM.ActiveCfg = Debug|ARM
		{C0D18F05-D1C9-463A-90BB-4955B8C00055}.Debug|ARM.Build.0 = Debug|ARM
		{C0D18F05-D1C9-463A-90BB-4955B8C00055}.Debug|x64.ActiveCfg = Debug|x64
		{C0D18F05-D1C9-463A-90BB-4955B8C00055}.Debug|x64.Build.0 = Debug|x64
		{C0D18F05-D1C9-463A-90BB-4955B8C00055}.Debug|x86.ActiveCfg = Debug|x86
		{C0D18F05-D1C9-463A-90BB-4955B8C00055}.Debug|x86.Build.0 = Debug|x86
		{C0D18F05-D1C9-463A-90BB-4955B8C00055}.Release|Any CPU.ActiveCfg = Release|Any CPU
		{C0D18F05-D1C9-463A-90BB-4955B8C00055}.Release|Any CPU.Build.0 = Release|Any CPU
		{C0D18F05-D1C9-463A-90BB-4955B8C00055}.Release|ARM.ActiveCfg = Release|ARM
		{C0D18F05-D1C9-463A-90BB-4955B8C00055}.Release|ARM.Build.0 = Release|ARM
		{C0D18F05-D1C9-463A-90BB-4955B8C00055}.Release|x64.ActiveCfg = Release|x64
		{C0D18F05-D1C9-463A-90BB-4955B8C00055}.Release|x64.Build.0 = Release|x64
		{C0D18F05-D1C9-463A-90BB-4955B8C00055}.Release|x86.ActiveCfg = Release|x86
		{C0D18F05-D1C9-463A-90BB-4955B8C00055}.Release|x86.Build.0 = Release|x86
	EndGlobalSection
	GlobalSection(SolutionProperties) = preSolution
		HideSolutionNode = FALSE
	EndGlobalSection
EndGlobal
